# THIS IS AN AUTOGENERATED FILE. DO NOT EDIT THIS FILE DIRECTLY.
# yarn lockfile v1


"@bufbuild/buf-darwin-arm64@1.15.0-1":
  "integrity" "sha512-KV3rvScwjMCcj0DSkmx6Ejk8YF7LtnqA3jSokeYbGaLLfSvPXu4q9d0I2pq+jaYIA8RfbMerAqzR8MccdY4Vqw=="
  "resolved" "https://registry.npmjs.org/@bufbuild/buf-darwin-arm64/-/buf-darwin-arm64-1.15.0-1.tgz"
  "version" "1.15.0-1"

"@bufbuild/buf@^1.15.0-1":
  "integrity" "sha512-j+mkNd9kM+2b9JacmZNBxTkbOXtLUltzv0inWBYRqd4dJ+EwAR/CDfK6OXvia94aJsKWy8YKSgLu19VlTYSh1Q=="
  "resolved" "https://registry.npmjs.org/@bufbuild/buf/-/buf-1.15.0-1.tgz"
  "version" "1.15.0-1"
  optionalDependencies:
    "@bufbuild/buf-darwin-arm64" "1.15.0-1"
    "@bufbuild/buf-darwin-x64" "1.15.0-1"
    "@bufbuild/buf-linux-aarch64" "1.15.0-1"
    "@bufbuild/buf-linux-x64" "1.15.0-1"
    "@bufbuild/buf-win32-arm64" "1.15.0-1"
    "@bufbuild/buf-win32-x64" "1.15.0-1"

"@bufbuild/protobuf@^1.2.0", "@bufbuild/protobuf@1.2.0":
  "integrity" "sha512-MBVuQMOBHxgGnZ9XCUIi8WOy5O/T4ma3TduCRhRvndv3UDbG9cHgd8h6nOYSGyBYPEvXf1z9nTwhp8mVIDbq2g=="
  "resolved" "https://registry.npmjs.org/@bufbuild/protobuf/-/protobuf-1.2.0.tgz"
  "version" "1.2.0"

"@bufbuild/protoc-gen-es@^1.2.0":
  "integrity" "sha512-rdg2+Co4H+cImZ81EEzHLEi9bmzmMnS/bsf7XLHKtWYskj1PZVIalfquQejcSV6eWbdmVGKa29JwI5zEkSmkCQ=="
  "resolved" "https://registry.npmjs.org/@bufbuild/protoc-gen-es/-/protoc-gen-es-1.2.0.tgz"
  "version" "1.2.0"
  dependencies:
    "@bufbuild/protoplugin" "1.2.0"

"@bufbuild/protoplugin@1.2.0":
  "integrity" "sha512-TX0mEk+LdIbpK2xr5RqeUswR8jGZs6uCX6Cq8azADj8hhiUr7Xty8agEOU/zR+J71D4dV5SnyEPYyw0nGJ6dGQ=="
  "resolved" "https://registry.npmjs.org/@bufbuild/protoplugin/-/protoplugin-1.2.0.tgz"
  "version" "1.2.0"
  dependencies:
    "@bufbuild/protobuf" "1.2.0"
    "@typescript/vfs" "^1.4.0"
    "typescript" "4.5.2"

"@typescript/vfs@^1.4.0":
  "integrity" "sha512-Pood7yv5YWMIX+yCHo176OnF8WUlKGImFG7XlsuH14Zb1YN5+dYD3uUtS7lqZtsH7tAveNUi2NzdpQCN0yRbaw=="
  "resolved" "https://registry.npmjs.org/@typescript/vfs/-/vfs-1.4.0.tgz"
  "version" "1.4.0"
  dependencies:
    "debug" "^4.1.1"

"debug@^4.1.1":
  "integrity" "sha512-PRWFHuSU3eDtQJPvnNY7Jcket1j0t5OuOsFzPPzsekD52Zl8qUfFIPEiswXqIvHWGVHOgX+7G/vCNNhehwxfkQ=="
  "resolved" "https://registry.npmjs.org/debug/-/debug-4.3.4.tgz"
  "version" "4.3.4"
  dependencies:
    "ms" "2.1.2"

"ms@2.1.2":
  "integrity" "sha512-sGkPx+VjMtmA6MX27oA4FBFELFCZZ4S4XqeGOXCv68tT+jb3vk/RyaKWP0PTKyWtmLSM0b+adUTEvbs1PEaH2w=="
  "resolved" "https://registry.npmjs.org/ms/-/ms-2.1.2.tgz"
  "version" "2.1.2"

"typescript@4.5.2":
  "integrity" "sha512-5BlMof9H1yGt0P8/WF+wPNw6GfctgGjXp5hkblpyT+8rkASSmkUKMXrxR0Xg8ThVCi/JnHQiKXeBaEwCeQwMFw=="
  "resolved" "https://registry.npmjs.org/typescript/-/typescript-4.5.2.tgz"
  "version" "4.5.2"
